
Microsoft Visual Studio Solution File, Format Version 12.00
# Visual Studio 15
VisualStudioVersion = 15.0.28010.2003
MinimumVisualStudioVersion = 10.0.40219.1
Project("{9A19103F-16F7-4668-BE54-9A1E7A4F7556}") = "FootballData", "FootballData\FootballData.csproj", "{60330BA1-420F-4CD9-8E4C-D98FF682EB13}"
EndProject
Project("{FAE04EC0-301F-11D3-BF4B-00C04F79EFBC}") = "FootballData.Tests", "FootballData.Tests\FootballData.Tests.csproj", "{8477AC10-FEB7-4A4E-ACFD-0BB3CE0C2817}"
EndProject
Global
	GlobalSection(SolutionConfigurationPlatforms) = preSolution
		Debug|Any CPU = Debug|Any CPU
		Release|Any CPU = Release|Any CPU
	EndGlobalSection
	GlobalSection(ProjectConfigurationPlatforms) = postSolution
		{60330BA1-420F-4CD9-8E4C-D98FF682EB13}.Debug|Any CPU.ActiveCfg = Debug|Any CPU
		{60330BA1-420F-4CD9-8E4C-D98FF682EB13}.Debug|Any CPU.Build.0 = Debug|Any CPU
		{60330BA1-420F-4CD9-8E4C-D98FF682EB13}.Release|Any CPU.ActiveCfg = Release|Any CPU
		{60330BA1-420F-4CD9-8E4C-D98FF682EB13}.Release|Any CPU.Build.0 = Release|Any CPU
		{8477AC10-FEB7-4A4E-ACFD-0BB3CE0C2817}.Debug|Any CPU.ActiveCfg = Debug|Any CPU
		{8477AC10-FEB7-4A4E-ACFD-0BB3CE0C2817}.Debug|Any CPU.Build.0 = Debug|Any CPU
		{8477AC10-FEB7-4A4E-ACFD-0BB3CE0C2817}.Release|Any CPU.ActiveCfg = Release|Any CPU
		{8477AC10-FEB7-4A4E-ACFD-0BB3CE0C2817}.Release|Any CPU.Build.0 = Release|Any CPU
	EndGlobalSection
	GlobalSection(SolutionProperties) = preSolution
		HideSolutionNode = FALSE
	EndGlobalSection
	GlobalSection(ExtensibilityGlobals) = postSolution
		SolutionGuid = {0D289E26-4562-4419-95A9-3E0D7294A043}
	EndGlobalSection
EndGlobal
